
Microsoft Visual Studio Solution File, Format Version 12.00
# Visual Studio 15
VisualStudioVersion = 15.0.28307.106
MinimumVisualStudioVersion = 10.0.40219.1
Project("{FAE04EC0-301F-11D3-BF4B-00C04F79EFBC}") = "BookingTest", "BookingTest\BookingTest.csproj", "{52249816-15F1-4FB8-A59D-CAB5AC771FA7}"
EndProject
Global
	GlobalSection(SolutionConfigurationPlatforms) = preSolution
		Debug|Any CPU = Debug|Any CPU
		Release|Any CPU = Release|Any CPU
	EndGlobalSection
	GlobalSection(ProjectConfigurationPlatforms) = postSolution
		{52249816-15F1-4FB8-A59D-CAB5AC771FA7}.Debug|Any CPU.ActiveCfg = Debug|Any CPU
		{52249816-15F1-4FB8-A59D-CAB5AC771FA7}.Debug|Any CPU.Build.0 = Debug|Any CPU
		{52249816-15F1-4FB8-A59D-CAB5AC771FA7}.Release|Any CPU.ActiveCfg = Release|Any CPU
		{52249816-15F1-4FB8-A59D-CAB5AC771FA7}.Release|Any CPU.Build.0 = Release|Any CPU
	EndGlobalSection
	GlobalSection(SolutionProperties) = preSolution
		HideSolutionNode = FALSE
	EndGlobalSection
	GlobalSection(ExtensibilityGlobals) = postSolution
		SolutionGuid = {8340610B-4418-463E-BFB5-9227323F2174}
	EndGlobalSection
EndGlobal
